
Microsoft Visual Studio Solution File, Format Version 12.00
# Visual Studio 15
VisualStudioVersion = 15.0.27004.2009
MinimumVisualStudioVersion = 10.0.40219.1
Project("{FAE04EC0-301F-11D3-BF4B-00C04F79EFBC}") = "TravelExperts(ARCH)", "TravelExperts(ARCH)\TravelExperts(ARCH).csproj", "{79B7E456-152A-41ED-ABEF-51A1CDF8D934}"
EndProject
Global
	GlobalSection(SolutionConfigurationPlatforms) = preSolution
		Debug|Any CPU = Debug|Any CPU
		Release|Any CPU = Release|Any CPU
	EndGlobalSection
	GlobalSection(ProjectConfigurationPlatforms) = postSolution
		{79B7E456-152A-41ED-ABEF-51A1CDF8D934}.Debug|Any CPU.ActiveCfg = Debug|Any CPU
		{79B7E456-152A-41ED-ABEF-51A1CDF8D934}.Debug|Any CPU.Build.0 = Debug|Any CPU
		{79B7E456-152A-41ED-ABEF-51A1CDF8D934}.Release|Any CPU.ActiveCfg = Release|Any CPU
		{79B7E456-152A-41ED-ABEF-51A1CDF8D934}.Release|Any CPU.Build.0 = Release|Any CPU
	EndGlobalSection
	GlobalSection(SolutionProperties) = preSolution
		HideSolutionNode = FALSE
	EndGlobalSection
	GlobalSection(ExtensibilityGlobals) = postSolution
		SolutionGuid = {403585D3-BE7E-4059-BD2D-0670A1859D7A}
	EndGlobalSection
EndGlobal
